
Microsoft Visual Studio Solution File, Format Version 12.00
# Visual Studio Version 16
VisualStudioVersion = 16.0.29503.13
MinimumVisualStudioVersion = 10.0.40219.1
Project("{FAE04EC0-301F-11D3-BF4B-00C04F79EFBC}") = "GitWebApp", "GitWebApp\GitWebApp.csproj", "{FFAF197F-DAC4-4EEA-B9B9-169132A7063A}"
EndProject
Global
	GlobalSection(SolutionConfigurationPlatforms) = preSolution
		Debug|Any CPU = Debug|Any CPU
		Release|Any CPU = Release|Any CPU
	EndGlobalSection
	GlobalSection(ProjectConfigurationPlatforms) = postSolution
		{FFAF197F-DAC4-4EEA-B9B9-169132A7063A}.Debug|Any CPU.ActiveCfg = Debug|Any CPU
		{FFAF197F-DAC4-4EEA-B9B9-169132A7063A}.Debug|Any CPU.Build.0 = Debug|Any CPU
		{FFAF197F-DAC4-4EEA-B9B9-169132A7063A}.Release|Any CPU.ActiveCfg = Release|Any CPU
		{FFAF197F-DAC4-4EEA-B9B9-169132A7063A}.Release|Any CPU.Build.0 = Release|Any CPU
	EndGlobalSection
	GlobalSection(SolutionProperties) = preSolution
		HideSolutionNode = FALSE
	EndGlobalSection
	GlobalSection(ExtensibilityGlobals) = postSolution
		SolutionGuid = {BA060C2B-54AD-486C-B82E-283D9A5AECCD}
	EndGlobalSection
EndGlobal
